{
  "pins" : [
    {
      "identity" : "fluidaudio",
      "kind" : "remoteSourceControl",
      "location" : "https://github.com/FluidInference/FluidAudio.git",
      "state" : {
        "revision" : "8048812869b0c7c6fa393e564a4fb6f95126ba23",
        "version" : "0.14.7"
      }
    },
    {
      "identity" : "sparkle",
      "kind" : "remoteSourceControl",
      "location" : "https://github.com/sparkle-project/Sparkle",
      "state" : {
        "revision" : "d46d456107feacc80711b21847b82b07bd9fb46e",
        "version" : "2.9.3"
      }
    },
    {
      "identity" : "swiftsdk",
      "kind" : "remoteSourceControl",
      "location" : "https://github.com/TelemetryDeck/SwiftSDK",
      "state" : {
        "revision" : "ad4a03ec7ea7416a4081370f21c86e55b02a5b88",
        "version" : "2.14.1"
      }
    }
  ],
  "version" : 2
}
